PODS:
  - BlocksKit (2.2.5):
    - BlocksKit/All
  - BlocksKit/All (2.2.5):
    - BlocksKit/Core
    - BlocksKit/DynamicDelegate
    - BlocksKit/MessageUI
    - BlocksKit/UIKit
  - BlocksKit/Core (2.2.5)
  - BlocksKit/DynamicDelegate (2.2.5)
  - BlocksKit/MessageUI (2.2.5):
    - BlocksKit/Core
    - BlocksKit/DynamicDelegate
  - BlocksKit/UIKit (2.2.5):
    - BlocksKit/Core
    - BlocksKit/DynamicDelegate
  - Bolts (1.1.3)
  - Canvas (0.1.2)
  - CocoaLumberjack (2.0.0-beta2):
    - CocoaLumberjack/CLI
    - CocoaLumberjack/Core
    - CocoaLumberjack/Extensions
  - CocoaLumberjack/CLI (2.0.0-beta2):
    - CocoaLumberjack/Core
  - CocoaLumberjack/Core (2.0.0-beta2)
  - CocoaLumberjack/Extensions (2.0.0-beta2):
    - CocoaLumberjack/Core
  - EAIntroView (2.6.3)
  - FontAwesomeKit (2.1.8):
    - FontAwesomeKit/Core
    - FontAwesomeKit/FontAwesome
    - FontAwesomeKit/FoundationIcons
    - FontAwesomeKit/IonIcons
    - FontAwesomeKit/Zocial
  - FontAwesomeKit/Core (2.1.8)
  - FontAwesomeKit/FontAwesome (2.1.8):
    - FontAwesomeKit/Core
  - FontAwesomeKit/FoundationIcons (2.1.8):
    - FontAwesomeKit/Core
  - FontAwesomeKit/IonIcons (2.1.8):
    - FontAwesomeKit/Core
  - FontAwesomeKit/Zocial (2.1.8):
    - FontAwesomeKit/Core
  - Google-Maps-iOS-SDK (1.8.1)
  - LumberjackConsole (2.3.0):
    - CocoaLumberjack (>= 2.0.0-beta)
    - NBUCore (>= 2.0.3)
  - NBUCore (2.0.3)
  - Parse (1.4.1):
    - Bolts (~> 1.1.2)
  - SVProgressHUD (1.0)

DEPENDENCIES:
  - BlocksKit
  - Canvas
  - CocoaLumberjack
  - EAIntroView
  - FontAwesomeKit
  - Google-Maps-iOS-SDK
  - LumberjackConsole
  - Parse
  - SVProgressHUD

SPEC CHECKSUMS:
  BlocksKit: 4439e7f30a9f90743462ca63545a15c1f4304cef
  Bolts: 3db0a875235e0c9042b013af13af0f00f79b102c
  Canvas: ae2faca05a15c4d6659fb3ae5e2a14817df4449a
  CocoaLumberjack: 956d3fb98fed498a13d56499f262c975ef431c98
  EAIntroView: 45924b81c153d1206ee24f4fa654e9d9dae79e93
  FontAwesomeKit: a2edea3111dab107b4cc43b85881b404eb063385
  Google-Maps-iOS-SDK: 4fe35d952dbd1e4dacfcfa178e9cce2f06d67ecc
  LumberjackConsole: fbac384e811ca1f4e60a6a6fd3c8ed852ac058f6
  NBUCore: 397184612d5f05d7730aaad98d6bc0a75b7984ef
  Parse: db1a09c832b7509edcc88a65dc07229f5e578c73
  SVProgressHUD: 5034c6e22b8c2ca3e09402e48d41ed0340aa1c50

COCOAPODS: 0.34.1
