PODS:
  - BlocksKit (2.2.5):
    - BlocksKit/All (= 2.2.5)
  - BlocksKit/All (2.2.5):
    - BlocksKit/Core
    - BlocksKit/DynamicDelegate
    - BlocksKit/MessageUI
    - BlocksKit/UIKit
  - BlocksKit/Core (2.2.5)
  - BlocksKit/DynamicDelegate (2.2.5)
  - BlocksKit/MessageUI (2.2.5):
    - BlocksKit/Core
    - BlocksKit/DynamicDelegate
  - BlocksKit/UIKit (2.2.5):
    - BlocksKit/Core
    - BlocksKit/DynamicDelegate
  - Bolts (1.1.3)
  - Canvas (0.1.2)
  - CocoaLumberjack (1.9.2):
    - CocoaLumberjack/Extensions (= 1.9.2)
  - CocoaLumberjack/Core (1.9.2)
  - CocoaLumberjack/Extensions (1.9.2):
    - CocoaLumberjack/Core
  - EAIntroView (2.6.4)
  - FontAwesomeKit (2.1.8):
    - FontAwesomeKit/Core (= 2.1.8)
    - FontAwesomeKit/FontAwesome (= 2.1.8)
    - FontAwesomeKit/FoundationIcons (= 2.1.8)
    - FontAwesomeKit/IonIcons (= 2.1.8)
    - FontAwesomeKit/Zocial (= 2.1.8)
  - FontAwesomeKit/Core (2.1.8)
  - FontAwesomeKit/FontAwesome (2.1.8):
    - FontAwesomeKit/Core
  - FontAwesomeKit/FoundationIcons (2.1.8):
    - FontAwesomeKit/Core
  - FontAwesomeKit/IonIcons (2.1.8):
    - FontAwesomeKit/Core
  - FontAwesomeKit/Zocial (2.1.8):
    - FontAwesomeKit/Core
  - Google-Maps-iOS-SDK (1.9.0)
  - LumberjackConsole (2.0.2):
    - CocoaLumberjack (>= 1.6.4)
    - NBUCore (>= 2.0.2)
  - NBUCore (2.0.4)
  - Parse (1.5.0):
    - Bolts (~> 1.1.3)
  - SVProgressHUD (1.0)

DEPENDENCIES:
  - BlocksKit
  - Canvas
  - CocoaLumberjack
  - EAIntroView
  - FontAwesomeKit
  - Google-Maps-iOS-SDK
  - LumberjackConsole
  - Parse
  - SVProgressHUD

SPEC CHECKSUMS:
  BlocksKit: 4439e7f30a9f90743462ca63545a15c1f4304cef
  Bolts: 3db0a875235e0c9042b013af13af0f00f79b102c
  Canvas: ae2faca05a15c4d6659fb3ae5e2a14817df4449a
  CocoaLumberjack: 205769c032b5fef85b92472046bcc8b7e7c8a817
  EAIntroView: 8f66dc6b79f2d52db26af8fc5476a05ffc549d4c
  FontAwesomeKit: a2edea3111dab107b4cc43b85881b404eb063385
  Google-Maps-iOS-SDK: d176593f33f931a500474a46c2a3c3d6d4b187cd
  LumberjackConsole: 4b0fb07c89d292d91f01af21b1e973a8c52795b3
  NBUCore: 978f24fdc8d79dc8141032bf0121053e3b25c95c
  Parse: 7de25b6f70f0b233e5d25835f62eabfa91e4f9d7
  SVProgressHUD: 5034c6e22b8c2ca3e09402e48d41ed0340aa1c50

COCOAPODS: 0.35.0
