// !$*UTF8*$!
{
	archiveVersion = 1;
	classes = {
	};
	objectVersion = 46;
	objects = {

/* Begin PBXBuildFile section */
		D4D3BE7F9ED8420BBADF46E6 /* libPods.a in Frameworks */ = {isa = PBXBuildFile; fileRef = AD574D59C87F4285AC0005B0 /* libPods.a */; };
		F4005F9D19C9DE9E00DA7702 /* UserTableViewCell.m in Sources */ = {isa = PBXBuildFile; fileRef = F4005F9B19C9DE9E00DA7702 /* UserTableViewCell.m */; };
		F4005F9E19C9DE9E00DA7702 /* UserTableViewCell.xib in Resources */ = {isa = PBXBuildFile; fileRef = F4005F9C19C9DE9E00DA7702 /* UserTableViewCell.xib */; };
		F4005FA119C9E72F00DA7702 /* UserListViewController.m in Sources */ = {isa = PBXBuildFile; fileRef = F4005FA019C9E72F00DA7702 /* UserListViewController.m */; };
		F409FF0219CEEA7C00046A4B /* RegionController.m in Sources */ = {isa = PBXBuildFile; fileRef = F409FF0119CEEA7C00046A4B /* RegionController.m */; };
		F4539ADD19D058510054EA75 /* Privacy_Policy.txt in Resources */ = {isa = PBXBuildFile; fileRef = F4539ADB19D058510054EA75 /* Privacy_Policy.txt */; };
		F4539ADE19D058510054EA75 /* Terms_Of_Service.txt in Resources */ = {isa = PBXBuildFile; fileRef = F4539ADC19D058510054EA75 /* Terms_Of_Service.txt */; };
		F458615019CC9B93000D6027 /* FollowListViewController.m in Sources */ = {isa = PBXBuildFile; fileRef = F458614F19CC9B93000D6027 /* FollowListViewController.m */; };
		F476D1B619CD635A00ABCFB4 /* ProfileTableViewController.m in Sources */ = {isa = PBXBuildFile; fileRef = F476D1B519CD635A00ABCFB4 /* ProfileTableViewController.m */; };
		F48EFE0219CE0F390033ACFE /* UserDetailViewController.m in Sources */ = {isa = PBXBuildFile; fileRef = F48EFE0119CE0F390033ACFE /* UserDetailViewController.m */; };
		F4FFEC2319C5CCB000A48BDE /* Foundation.framework in Frameworks */ = {isa = PBXBuildFile; fileRef = F4FFEC2219C5CCB000A48BDE /* Foundation.framework */; };
		F4FFEC2519C5CCB000A48BDE /* CoreGraphics.framework in Frameworks */ = {isa = PBXBuildFile; fileRef = F4FFEC2419C5CCB000A48BDE /* CoreGraphics.framework */; };
		F4FFEC2719C5CCB000A48BDE /* UIKit.framework in Frameworks */ = {isa = PBXBuildFile; fileRef = F4FFEC2619C5CCB000A48BDE /* UIKit.framework */; };
		F4FFEC2D19C5CCB000A48BDE /* InfoPlist.strings in Resources */ = {isa = PBXBuildFile; fileRef = F4FFEC2B19C5CCB000A48BDE /* InfoPlist.strings */; };
		F4FFEC2F19C5CCB000A48BDE /* main.m in Sources */ = {isa = PBXBuildFile; fileRef = F4FFEC2E19C5CCB000A48BDE /* main.m */; };
		F4FFEC3319C5CCB000A48BDE /* AppDelegate.m in Sources */ = {isa = PBXBuildFile; fileRef = F4FFEC3219C5CCB000A48BDE /* AppDelegate.m */; };
		F4FFEC3519C5CCB000A48BDE /* Images.xcassets in Resources */ = {isa = PBXBuildFile; fileRef = F4FFEC3419C5CCB000A48BDE /* Images.xcassets */; };
		F4FFEC3C19C5CCB000A48BDE /* XCTest.framework in Frameworks */ = {isa = PBXBuildFile; fileRef = F4FFEC3B19C5CCB000A48BDE /* XCTest.framework */; };
		F4FFEC3D19C5CCB000A48BDE /* Foundation.framework in Frameworks */ = {isa = PBXBuildFile; fileRef = F4FFEC2219C5CCB000A48BDE /* Foundation.framework */; };
		F4FFEC3E19C5CCB000A48BDE /* UIKit.framework in Frameworks */ = {isa = PBXBuildFile; fileRef = F4FFEC2619C5CCB000A48BDE /* UIKit.framework */; };
		F4FFEC4619C5CCB000A48BDE /* InfoPlist.strings in Resources */ = {isa = PBXBuildFile; fileRef = F4FFEC4419C5CCB000A48BDE /* InfoPlist.strings */; };
		F4FFEC4819C5CCB000A48BDE /* GamerSearchTests.m in Sources */ = {isa = PBXBuildFile; fileRef = F4FFEC4719C5CCB000A48BDE /* GamerSearchTests.m */; };
		F4FFEC8819C5D3BD00A48BDE /* FollowListTableViewController.m in Sources */ = {isa = PBXBuildFile; fileRef = F4FFEC7D19C5D3BD00A48BDE /* FollowListTableViewController.m */; };
		F4FFEC8919C5D3BD00A48BDE /* Main.storyboard in Resources */ = {isa = PBXBuildFile; fileRef = F4FFEC7E19C5D3BD00A48BDE /* Main.storyboard */; };
		F4FFEC8A19C5D3BD00A48BDE /* MapViewController.m in Sources */ = {isa = PBXBuildFile; fileRef = F4FFEC8019C5D3BD00A48BDE /* MapViewController.m */; };
		F4FFEC8C19C5D3BD00A48BDE /* SettingTableViewController.m in Sources */ = {isa = PBXBuildFile; fileRef = F4FFEC8419C5D3BD00A48BDE /* SettingTableViewController.m */; };
		F4FFEC8D19C5D3BD00A48BDE /* TabBarViewController.m in Sources */ = {isa = PBXBuildFile; fileRef = F4FFEC8619C5D3BD00A48BDE /* TabBarViewController.m */; };
		F4FFEC9119C6C33900A48BDE /* MarkerView.m in Sources */ = {isa = PBXBuildFile; fileRef = F4FFEC9019C6C33900A48BDE /* MarkerView.m */; };
		F4FFEC9419C6C4FD00A48BDE /* MarkerDetailView.m in Sources */ = {isa = PBXBuildFile; fileRef = F4FFEC9319C6C4FD00A48BDE /* MarkerDetailView.m */; };
		F4FFEC9719C6C6CC00A48BDE /* PFController.m in Sources */ = {isa = PBXBuildFile; fileRef = F4FFEC9619C6C6CC00A48BDE /* PFController.m */; };
		F4FFEC9C19C6CD8700A48BDE /* UIView+Indicator.m in Sources */ = {isa = PBXBuildFile; fileRef = F4FFEC9B19C6CD8700A48BDE /* UIView+Indicator.m */; };
/* End PBXBuildFile section */

/* Begin PBXContainerItemProxy section */
		F4FFEC3F19C5CCB000A48BDE /* PBXContainerItemProxy */ = {
			isa = PBXContainerItemProxy;
			containerPortal = F4FFEC1719C5CCB000A48BDE /* Project object */;
			proxyType = 1;
			remoteGlobalIDString = F4FFEC1E19C5CCB000A48BDE;
			remoteInfo = GamerSearch;
		};
/* End PBXContainerItemProxy section */

/* Begin PBXFileReference section */
		AA5DC569D94649E2B8618BA0 /* Pods.xcconfig */ = {isa = PBXFileReference; includeInIndex = 1; lastKnownFileType = text.xcconfig; name = Pods.xcconfig; path = Pods/Pods.xcconfig; sourceTree = "<group>"; };
		AD574D59C87F4285AC0005B0 /* libPods.a */ = {isa = PBXFileReference; explicitFileType = archive.ar; includeInIndex = 0; path = libPods.a; sourceTree = BUILT_PRODUCTS_DIR; };
		F4005F9A19C9DE9E00DA7702 /* UserTableViewCell.h */ = {isa = PBXFileReference; fileEncoding = 4; lastKnownFileType = sourcecode.c.h; path = UserTableViewCell.h; sourceTree = "<group>"; };
		F4005F9B19C9DE9E00DA7702 /* UserTableViewCell.m */ = {isa = PBXFileReference; fileEncoding = 4; lastKnownFileType = sourcecode.c.objc; path = UserTableViewCell.m; sourceTree = "<group>"; };
		F4005F9C19C9DE9E00DA7702 /* UserTableViewCell.xib */ = {isa = PBXFileReference; fileEncoding = 4; lastKnownFileType = file.xib; path = UserTableViewCell.xib; sourceTree = "<group>"; };
		F4005F9F19C9E72F00DA7702 /* UserListViewController.h */ = {isa = PBXFileReference; fileEncoding = 4; lastKnownFileType = sourcecode.c.h; path = UserListViewController.h; sourceTree = "<group>"; };
		F4005FA019C9E72F00DA7702 /* UserListViewController.m */ = {isa = PBXFileReference; fileEncoding = 4; lastKnownFileType = sourcecode.c.objc; path = UserListViewController.m; sourceTree = "<group>"; };
		F409FF0019CEEA7C00046A4B /* RegionController.h */ = {isa = PBXFileReference; fileEncoding = 4; lastKnownFileType = sourcecode.c.h; path = RegionController.h; sourceTree = "<group>"; };
		F409FF0119CEEA7C00046A4B /* RegionController.m */ = {isa = PBXFileReference; fileEncoding = 4; lastKnownFileType = sourcecode.c.objc; path = RegionController.m; sourceTree = "<group>"; };
		F4539ADB19D058510054EA75 /* Privacy_Policy.txt */ = {isa = PBXFileReference; fileEncoding = 4; lastKnownFileType = text; path = Privacy_Policy.txt; sourceTree = "<group>"; };
		F4539ADC19D058510054EA75 /* Terms_Of_Service.txt */ = {isa = PBXFileReference; fileEncoding = 4; lastKnownFileType = text; path = Terms_Of_Service.txt; sourceTree = "<group>"; };
		F458614E19CC9B93000D6027 /* FollowListViewController.h */ = {isa = PBXFileReference; fileEncoding = 4; lastKnownFileType = sourcecode.c.h; path = FollowListViewController.h; sourceTree = "<group>"; };
		F458614F19CC9B93000D6027 /* FollowListViewController.m */ = {isa = PBXFileReference; fileEncoding = 4; lastKnownFileType = sourcecode.c.objc; path = FollowListViewController.m; sourceTree = "<group>"; };
		F476D1B419CD635A00ABCFB4 /* ProfileTableViewController.h */ = {isa = PBXFileReference; fileEncoding = 4; lastKnownFileType = sourcecode.c.h; path = ProfileTableViewController.h; sourceTree = "<group>"; };
		F476D1B519CD635A00ABCFB4 /* ProfileTableViewController.m */ = {isa = PBXFileReference; fileEncoding = 4; lastKnownFileType = sourcecode.c.objc; path = ProfileTableViewController.m; sourceTree = "<group>"; };
		F48EFE0019CE0F390033ACFE /* UserDetailViewController.h */ = {isa = PBXFileReference; fileEncoding = 4; lastKnownFileType = sourcecode.c.h; path = UserDetailViewController.h; sourceTree = "<group>"; };
		F48EFE0119CE0F390033ACFE /* UserDetailViewController.m */ = {isa = PBXFileReference; fileEncoding = 4; lastKnownFileType = sourcecode.c.objc; path = UserDetailViewController.m; sourceTree = "<group>"; };
		F4FFEC1F19C5CCB000A48BDE /* GamerSearch.app */ = {isa = PBXFileReference; explicitFileType = wrapper.application; includeInIndex = 0; path = GamerSearch.app; sourceTree = BUILT_PRODUCTS_DIR; };
		F4FFEC2219C5CCB000A48BDE /* Foundation.framework */ = {isa = PBXFileReference; lastKnownFileType = wrapper.framework; name = Foundation.framework; path = System/Library/Frameworks/Foundation.framework; sourceTree = SDKROOT; };
		F4FFEC2419C5CCB000A48BDE /* CoreGraphics.framework */ = {isa = PBXFileReference; lastKnownFileType = wrapper.framework; name = CoreGraphics.framework; path = System/Library/Frameworks/CoreGraphics.framework; sourceTree = SDKROOT; };
		F4FFEC2619C5CCB000A48BDE /* UIKit.framework */ = {isa = PBXFileReference; lastKnownFileType = wrapper.framework; name = UIKit.framework; path = System/Library/Frameworks/UIKit.framework; sourceTree = SDKROOT; };
		F4FFEC2A19C5CCB000A48BDE /* GamerSearch-Info.plist */ = {isa = PBXFileReference; lastKnownFileType = text.plist.xml; path = "GamerSearch-Info.plist"; sourceTree = "<group>"; };
		F4FFEC2C19C5CCB000A48BDE /* en */ = {isa = PBXFileReference; lastKnownFileType = text.plist.strings; name = en; path = en.lproj/InfoPlist.strings; sourceTree = "<group>"; };
		F4FFEC2E19C5CCB000A48BDE /* main.m */ = {isa = PBXFileReference; lastKnownFileType = sourcecode.c.objc; path = main.m; sourceTree = "<group>"; };
		F4FFEC3019C5CCB000A48BDE /* GamerSearch-Prefix.pch */ = {isa = PBXFileReference; lastKnownFileType = sourcecode.c.h; path = "GamerSearch-Prefix.pch"; sourceTree = "<group>"; };
		F4FFEC3119C5CCB000A48BDE /* AppDelegate.h */ = {isa = PBXFileReference; lastKnownFileType = sourcecode.c.h; path = AppDelegate.h; sourceTree = "<group>"; };
		F4FFEC3219C5CCB000A48BDE /* AppDelegate.m */ = {isa = PBXFileReference; lastKnownFileType = sourcecode.c.objc; path = AppDelegate.m; sourceTree = "<group>"; };
		F4FFEC3419C5CCB000A48BDE /* Images.xcassets */ = {isa = PBXFileReference; lastKnownFileType = folder.assetcatalog; path = Images.xcassets; sourceTree = "<group>"; };
		F4FFEC3A19C5CCB000A48BDE /* GamerSearchTests.xctest */ = {isa = PBXFileReference; explicitFileType = wrapper.cfbundle; includeInIndex = 0; path = GamerSearchTests.xctest; sourceTree = BUILT_PRODUCTS_DIR; };
		F4FFEC3B19C5CCB000A48BDE /* XCTest.framework */ = {isa = PBXFileReference; lastKnownFileType = wrapper.framework; name = XCTest.framework; path = Library/Frameworks/XCTest.framework; sourceTree = DEVELOPER_DIR; };
		F4FFEC4319C5CCB000A48BDE /* GamerSearchTests-Info.plist */ = {isa = PBXFileReference; lastKnownFileType = text.plist.xml; path = "GamerSearchTests-Info.plist"; sourceTree = "<group>"; };
		F4FFEC4519C5CCB000A48BDE /* en */ = {isa = PBXFileReference; lastKnownFileType = text.plist.strings; name = en; path = en.lproj/InfoPlist.strings; sourceTree = "<group>"; };
		F4FFEC4719C5CCB000A48BDE /* GamerSearchTests.m */ = {isa = PBXFileReference; lastKnownFileType = sourcecode.c.objc; path = GamerSearchTests.m; sourceTree = "<group>"; };
		F4FFEC7C19C5D3BD00A48BDE /* FollowListTableViewController.h */ = {isa = PBXFileReference; fileEncoding = 4; lastKnownFileType = sourcecode.c.h; path = FollowListTableViewController.h; sourceTree = "<group>"; };
		F4FFEC7D19C5D3BD00A48BDE /* FollowListTableViewController.m */ = {isa = PBXFileReference; fileEncoding = 4; lastKnownFileType = sourcecode.c.objc; path = FollowListTableViewController.m; sourceTree = "<group>"; };
		F4FFEC7E19C5D3BD00A48BDE /* Main.storyboard */ = {isa = PBXFileReference; fileEncoding = 4; lastKnownFileType = file.storyboard; path = Main.storyboard; sourceTree = "<group>"; };
		F4FFEC7F19C5D3BD00A48BDE /* MapViewController.h */ = {isa = PBXFileReference; fileEncoding = 4; lastKnownFileType = sourcecode.c.h; path = MapViewController.h; sourceTree = "<group>"; };
		F4FFEC8019C5D3BD00A48BDE /* MapViewController.m */ = {isa = PBXFileReference; fileEncoding = 4; lastKnownFileType = sourcecode.c.objc; path = MapViewController.m; sourceTree = "<group>"; };
		F4FFEC8319C5D3BD00A48BDE /* SettingTableViewController.h */ = {isa = PBXFileReference; fileEncoding = 4; lastKnownFileType = sourcecode.c.h; path = SettingTableViewController.h; sourceTree = "<group>"; };
		F4FFEC8419C5D3BD00A48BDE /* SettingTableViewController.m */ = {isa = PBXFileReference; fileEncoding = 4; lastKnownFileType = sourcecode.c.objc; path = SettingTableViewController.m; sourceTree = "<group>"; };
		F4FFEC8519C5D3BD00A48BDE /* TabBarViewController.h */ = {isa = PBXFileReference; fileEncoding = 4; lastKnownFileType = sourcecode.c.h; path = TabBarViewController.h; sourceTree = "<group>"; };
		F4FFEC8619C5D3BD00A48BDE /* TabBarViewController.m */ = {isa = PBXFileReference; fileEncoding = 4; lastKnownFileType = sourcecode.c.objc; path = TabBarViewController.m; sourceTree = "<group>"; };
		F4FFEC8F19C6C33900A48BDE /* MarkerView.h */ = {isa = PBXFileReference; fileEncoding = 4; lastKnownFileType = sourcecode.c.h; path = MarkerView.h; sourceTree = "<group>"; };
		F4FFEC9019C6C33900A48BDE /* MarkerView.m */ = {isa = PBXFileReference; fileEncoding = 4; lastKnownFileType = sourcecode.c.objc; path = MarkerView.m; sourceTree = "<group>"; };
		F4FFEC9219C6C4FD00A48BDE /* MarkerDetailView.h */ = {isa = PBXFileReference; fileEncoding = 4; lastKnownFileType = sourcecode.c.h; path = MarkerDetailView.h; sourceTree = "<group>"; };
		F4FFEC9319C6C4FD00A48BDE /* MarkerDetailView.m */ = {isa = PBXFileReference; fileEncoding = 4; lastKnownFileType = sourcecode.c.objc; path = MarkerDetailView.m; sourceTree = "<group>"; };
		F4FFEC9519C6C6CC00A48BDE /* PFController.h */ = {isa = PBXFileReference; fileEncoding = 4; lastKnownFileType = sourcecode.c.h; path = PFController.h; sourceTree = "<group>"; };
		F4FFEC9619C6C6CC00A48BDE /* PFController.m */ = {isa = PBXFileReference; fileEncoding = 4; lastKnownFileType = sourcecode.c.objc; path = PFController.m; sourceTree = "<group>"; };
		F4FFEC9A19C6CD8700A48BDE /* UIView+Indicator.h */ = {isa = PBXFileReference; fileEncoding = 4; lastKnownFileType = sourcecode.c.h; path = "UIView+Indicator.h"; sourceTree = "<group>"; };
		F4FFEC9B19C6CD8700A48BDE /* UIView+Indicator.m */ = {isa = PBXFileReference; fileEncoding = 4; lastKnownFileType = sourcecode.c.objc; path = "UIView+Indicator.m"; sourceTree = "<group>"; };
/* End PBXFileReference section */

/* Begin PBXFrameworksBuildPhase section */
		F4FFEC1C19C5CCB000A48BDE /* Frameworks */ = {
			isa = PBXFrameworksBuildPhase;
			buildActionMask = 2147483647;
			files = (
				F4FFEC2519C5CCB000A48BDE /* CoreGraphics.framework in Frameworks */,
				F4FFEC2719C5CCB000A48BDE /* UIKit.framework in Frameworks */,
				F4FFEC2319C5CCB000A48BDE /* Foundation.framework in Frameworks */,
				D4D3BE7F9ED8420BBADF46E6 /* libPods.a in Frameworks */,
			);
			runOnlyForDeploymentPostprocessing = 0;
		};
		F4FFEC3719C5CCB000A48BDE /* Frameworks */ = {
			isa = PBXFrameworksBuildPhase;
			buildActionMask = 2147483647;
			files = (
				F4FFEC3C19C5CCB000A48BDE /* XCTest.framework in Frameworks */,
				F4FFEC3E19C5CCB000A48BDE /* UIKit.framework in Frameworks */,
				F4FFEC3D19C5CCB000A48BDE /* Foundation.framework in Frameworks */,
			);
			runOnlyForDeploymentPostprocessing = 0;
		};
/* End PBXFrameworksBuildPhase section */

/* Begin PBXGroup section */
		F4005F9619C9DE7600DA7702 /* UserCell */ = {
			isa = PBXGroup;
			children = (
				F4005F9A19C9DE9E00DA7702 /* UserTableViewCell.h */,
				F4005F9B19C9DE9E00DA7702 /* UserTableViewCell.m */,
				F4005F9C19C9DE9E00DA7702 /* UserTableViewCell.xib */,
			);
			name = UserCell;
			sourceTree = "<group>";
		};
		F4005FA219C9E8AA00DA7702 /* UserListViewController */ = {
			isa = PBXGroup;
			children = (
				F4005F9F19C9E72F00DA7702 /* UserListViewController.h */,
				F4005FA019C9E72F00DA7702 /* UserListViewController.m */,
			);
			name = UserListViewController;
			sourceTree = "<group>";
		};
		F458614D19CC9B16000D6027 /* FollowList */ = {
			isa = PBXGroup;
			children = (
				F458614E19CC9B93000D6027 /* FollowListViewController.h */,
				F458614F19CC9B93000D6027 /* FollowListViewController.m */,
			);
			name = FollowList;
			sourceTree = "<group>";
		};
		F476D1B319CD634000ABCFB4 /* ProfileTableViewController */ = {
			isa = PBXGroup;
			children = (
				F476D1B419CD635A00ABCFB4 /* ProfileTableViewController.h */,
				F476D1B519CD635A00ABCFB4 /* ProfileTableViewController.m */,
			);
			name = ProfileTableViewController;
			sourceTree = "<group>";
		};
		F48EFDFF19CE0ECB0033ACFE /* UserDetailViewController */ = {
			isa = PBXGroup;
			children = (
				F48EFE0019CE0F390033ACFE /* UserDetailViewController.h */,
				F48EFE0119CE0F390033ACFE /* UserDetailViewController.m */,
			);
			name = UserDetailViewController;
			sourceTree = "<group>";
		};
		F4FFEC1619C5CCB000A48BDE = {
			isa = PBXGroup;
			children = (
				F4FFEC2819C5CCB000A48BDE /* GamerSearch */,
				F4FFEC4119C5CCB000A48BDE /* GamerSearchTests */,
				F4FFEC2119C5CCB000A48BDE /* Frameworks */,
				F4FFEC2019C5CCB000A48BDE /* Products */,
				AA5DC569D94649E2B8618BA0 /* Pods.xcconfig */,
			);
			sourceTree = "<group>";
		};
		F4FFEC2019C5CCB000A48BDE /* Products */ = {
			isa = PBXGroup;
			children = (
				F4FFEC1F19C5CCB000A48BDE /* GamerSearch.app */,
				F4FFEC3A19C5CCB000A48BDE /* GamerSearchTests.xctest */,
			);
			name = Products;
			sourceTree = "<group>";
		};
		F4FFEC2119C5CCB000A48BDE /* Frameworks */ = {
			isa = PBXGroup;
			children = (
				F4FFEC2219C5CCB000A48BDE /* Foundation.framework */,
				F4FFEC2419C5CCB000A48BDE /* CoreGraphics.framework */,
				F4FFEC2619C5CCB000A48BDE /* UIKit.framework */,
				F4FFEC3B19C5CCB000A48BDE /* XCTest.framework */,
				AD574D59C87F4285AC0005B0 /* libPods.a */,
			);
			name = Frameworks;
			sourceTree = "<group>";
		};
		F4FFEC2819C5CCB000A48BDE /* GamerSearch */ = {
			isa = PBXGroup;
			children = (
				F4FFEC3119C5CCB000A48BDE /* AppDelegate.h */,
				F4FFEC3219C5CCB000A48BDE /* AppDelegate.m */,
				F4FFEC3419C5CCB000A48BDE /* Images.xcassets */,
				F4FFEC7C19C5D3BD00A48BDE /* FollowListTableViewController.h */,
				F4FFEC7D19C5D3BD00A48BDE /* FollowListTableViewController.m */,
				F4FFEC7E19C5D3BD00A48BDE /* Main.storyboard */,
				F4FFEC9819C6C6D000A48BDE /* Controller */,
				F4005F9619C9DE7600DA7702 /* UserCell */,
				F48EFDFF19CE0ECB0033ACFE /* UserDetailViewController */,
				F4FFEC8E19C6C31200A48BDE /* MapViewController */,
				F458614D19CC9B16000D6027 /* FollowList */,
				F476D1B319CD634000ABCFB4 /* ProfileTableViewController */,
				F4FFEC8319C5D3BD00A48BDE /* SettingTableViewController.h */,
				F4FFEC8419C5D3BD00A48BDE /* SettingTableViewController.m */,
				F4FFEC8519C5D3BD00A48BDE /* TabBarViewController.h */,
				F4FFEC8619C5D3BD00A48BDE /* TabBarViewController.m */,
				F4FFEC9919C6CD7000A48BDE /* Category */,
				F4FFEC2919C5CCB000A48BDE /* Supporting Files */,
			);
			path = GamerSearch;
			sourceTree = "<group>";
		};
		F4FFEC2919C5CCB000A48BDE /* Supporting Files */ = {
			isa = PBXGroup;
			children = (
				F4539ADB19D058510054EA75 /* Privacy_Policy.txt */,
				F4539ADC19D058510054EA75 /* Terms_Of_Service.txt */,
				F4FFEC2A19C5CCB000A48BDE /* GamerSearch-Info.plist */,
				F4FFEC2B19C5CCB000A48BDE /* InfoPlist.strings */,
				F4FFEC2E19C5CCB000A48BDE /* main.m */,
				F4FFEC3019C5CCB000A48BDE /* GamerSearch-Prefix.pch */,
			);
			name = "Supporting Files";
			sourceTree = "<group>";
		};
		F4FFEC4119C5CCB000A48BDE /* GamerSearchTests */ = {
			isa = PBXGroup;
			children = (
				F4FFEC4719C5CCB000A48BDE /* GamerSearchTests.m */,
				F4FFEC4219C5CCB000A48BDE /* Supporting Files */,
			);
			path = GamerSearchTests;
			sourceTree = "<group>";
		};
		F4FFEC4219C5CCB000A48BDE /* Supporting Files */ = {
			isa = PBXGroup;
			children = (
				F4FFEC4319C5CCB000A48BDE /* GamerSearchTests-Info.plist */,
				F4FFEC4419C5CCB000A48BDE /* InfoPlist.strings */,
			);
			name = "Supporting Files";
			sourceTree = "<group>";
		};
		F4FFEC8E19C6C31200A48BDE /* MapViewController */ = {
			isa = PBXGroup;
			children = (
				F4FFEC7F19C5D3BD00A48BDE /* MapViewController.h */,
				F4FFEC8019C5D3BD00A48BDE /* MapViewController.m */,
				F4005FA219C9E8AA00DA7702 /* UserListViewController */,
				F4FFECA219C7561E00A48BDE /* MarkerView */,
			);
			name = MapViewController;
			sourceTree = "<group>";
		};
		F4FFEC9819C6C6D000A48BDE /* Controller */ = {
			isa = PBXGroup;
			children = (
				F4FFEC9519C6C6CC00A48BDE /* PFController.h */,
				F4FFEC9619C6C6CC00A48BDE /* PFController.m */,
				F409FF0019CEEA7C00046A4B /* RegionController.h */,
				F409FF0119CEEA7C00046A4B /* RegionController.m */,
			);
			name = Controller;
			sourceTree = "<group>";
		};
		F4FFEC9919C6CD7000A48BDE /* Category */ = {
			isa = PBXGroup;
			children = (
				F4FFEC9A19C6CD8700A48BDE /* UIView+Indicator.h */,
				F4FFEC9B19C6CD8700A48BDE /* UIView+Indicator.m */,
			);
			name = Category;
			sourceTree = "<group>";
		};
		F4FFECA219C7561E00A48BDE /* MarkerView */ = {
			isa = PBXGroup;
			children = (
				F4FFEC8F19C6C33900A48BDE /* MarkerView.h */,
				F4FFEC9019C6C33900A48BDE /* MarkerView.m */,
				F4FFEC9219C6C4FD00A48BDE /* MarkerDetailView.h */,
				F4FFEC9319C6C4FD00A48BDE /* MarkerDetailView.m */,
			);
			name = MarkerView;
			sourceTree = "<group>";
		};
/* End PBXGroup section */

/* Begin PBXNativeTarget section */
		F4FFEC1E19C5CCB000A48BDE /* GamerSearch */ = {
			isa = PBXNativeTarget;
			buildConfigurationList = F4FFEC4B19C5CCB000A48BDE /* Build configuration list for PBXNativeTarget "GamerSearch" */;
			buildPhases = (
				5EF25B239C2D40DEA91F2155 /* Check Pods Manifest.lock */,
				F4FFEC1B19C5CCB000A48BDE /* Sources */,
				F4FFEC1C19C5CCB000A48BDE /* Frameworks */,
				F4FFEC1D19C5CCB000A48BDE /* Resources */,
				2EE3FF23B10D4C46A189FE66 /* Copy Pods Resources */,
			);
			buildRules = (
			);
			dependencies = (
			);
			name = GamerSearch;
			productName = GamerSearch;
			productReference = F4FFEC1F19C5CCB000A48BDE /* GamerSearch.app */;
			productType = "com.apple.product-type.application";
		};
		F4FFEC3919C5CCB000A48BDE /* GamerSearchTests */ = {
			isa = PBXNativeTarget;
			buildConfigurationList = F4FFEC4E19C5CCB000A48BDE /* Build configuration list for PBXNativeTarget "GamerSearchTests" */;
			buildPhases = (
				F4FFEC3619C5CCB000A48BDE /* Sources */,
				F4FFEC3719C5CCB000A48BDE /* Frameworks */,
				F4FFEC3819C5CCB000A48BDE /* Resources */,
			);
			buildRules = (
			);
			dependencies = (
				F4FFEC4019C5CCB000A48BDE /* PBXTargetDependency */,
			);
			name = GamerSearchTests;
			productName = GamerSearchTests;
			productReference = F4FFEC3A19C5CCB000A48BDE /* GamerSearchTests.xctest */;
			productType = "com.apple.product-type.bundle.unit-test";
		};
/* End PBXNativeTarget section */

/* Begin PBXProject section */
		F4FFEC1719C5CCB000A48BDE /* Project object */ = {
			isa = PBXProject;
			attributes = {
				LastUpgradeCheck = 0510;
				ORGANIZATIONNAME = "Masaki EBATA";
				TargetAttributes = {
					F4FFEC1E19C5CCB000A48BDE = {
						DevelopmentTeam = 94348D23TA;
						SystemCapabilities = {
							com.apple.BackgroundModes = {
								enabled = 1;
							};
							com.apple.iOS = {
								enabled = 0;
							};
						};
					};
					F4FFEC3919C5CCB000A48BDE = {
						TestTargetID = F4FFEC1E19C5CCB000A48BDE;
					};
				};
			};
			buildConfigurationList = F4FFEC1A19C5CCB000A48BDE /* Build configuration list for PBXProject "GamerSearch" */;
			compatibilityVersion = "Xcode 3.2";
			developmentRegion = English;
			hasScannedForEncodings = 0;
			knownRegions = (
				en,
			);
			mainGroup = F4FFEC1619C5CCB000A48BDE;
			productRefGroup = F4FFEC2019C5CCB000A48BDE /* Products */;
			projectDirPath = "";
			projectRoot = "";
			targets = (
				F4FFEC1E19C5CCB000A48BDE /* GamerSearch */,
				F4FFEC3919C5CCB000A48BDE /* GamerSearchTests */,
			);
		};
/* End PBXProject section */

/* Begin PBXResourcesBuildPhase section */
		F4FFEC1D19C5CCB000A48BDE /* Resources */ = {
			isa = PBXResourcesBuildPhase;
			buildActionMask = 2147483647;
			files = (
				F4539ADD19D058510054EA75 /* Privacy_Policy.txt in Resources */,
				F4005F9E19C9DE9E00DA7702 /* UserTableViewCell.xib in Resources */,
				F4FFEC8919C5D3BD00A48BDE /* Main.storyboard in Resources */,
				F4FFEC2D19C5CCB000A48BDE /* InfoPlist.strings in Resources */,
				F4FFEC3519C5CCB000A48BDE /* Images.xcassets in Resources */,
				F4539ADE19D058510054EA75 /* Terms_Of_Service.txt in Resources */,
			);
			runOnlyForDeploymentPostprocessing = 0;
		};
		F4FFEC3819C5CCB000A48BDE /* Resources */ = {
			isa = PBXResourcesBuildPhase;
			buildActionMask = 2147483647;
			files = (
				F4FFEC4619C5CCB000A48BDE /* InfoPlist.strings in Resources */,
			);
			runOnlyForDeploymentPostprocessing = 0;
		};
/* End PBXResourcesBuildPhase section */

/* Begin PBXShellScriptBuildPhase section */
		2EE3FF23B10D4C46A189FE66 /* Copy Pods Resources */ = {
			isa = PBXShellScriptBuildPhase;
			buildActionMask = 2147483647;
			files = (
			);
			inputPaths = (
			);
			name = "Copy Pods Resources";
			outputPaths = (
			);
			runOnlyForDeploymentPostprocessing = 0;
			shellPath = /bin/sh;
			shellScript = "\"${SRCROOT}/Pods/Pods-resources.sh\"\n";
			showEnvVarsInLog = 0;
		};
		5EF25B239C2D40DEA91F2155 /* Check Pods Manifest.lock */ = {
			isa = PBXShellScriptBuildPhase;
			buildActionMask = 2147483647;
			files = (
			);
			inputPaths = (
			);
			name = "Check Pods Manifest.lock";
			outputPaths = (
			);
			runOnlyForDeploymentPostprocessing = 0;
			shellPath = /bin/sh;
			shellScript = "diff \"${PODS_ROOT}/../Podfile.lock\" \"${PODS_ROOT}/Manifest.lock\" > /dev/null\nif [[ $? != 0 ]] ; then\n    cat << EOM\nerror: The sandbox is not in sync with the Podfile.lock. Run 'pod install' or update your CocoaPods installation.\nEOM\n    exit 1\nfi\n";
			showEnvVarsInLog = 0;
		};
/* End PBXShellScriptBuildPhase section */

/* Begin PBXSourcesBuildPhase section */
		F4FFEC1B19C5CCB000A48BDE /* Sources */ = {
			isa = PBXSourcesBuildPhase;
			buildActionMask = 2147483647;
			files = (
				F4FFEC8819C5D3BD00A48BDE /* FollowListTableViewController.m in Sources */,
				F4FFEC3319C5CCB000A48BDE /* AppDelegate.m in Sources */,
				F4FFEC9419C6C4FD00A48BDE /* MarkerDetailView.m in Sources */,
				F476D1B619CD635A00ABCFB4 /* ProfileTableViewController.m in Sources */,
				F4FFEC8C19C5D3BD00A48BDE /* SettingTableViewController.m in Sources */,
				F409FF0219CEEA7C00046A4B /* RegionController.m in Sources */,
				F4FFEC8A19C5D3BD00A48BDE /* MapViewController.m in Sources */,
				F4005FA119C9E72F00DA7702 /* UserListViewController.m in Sources */,
				F4FFEC9719C6C6CC00A48BDE /* PFController.m in Sources */,
				F4FFEC9119C6C33900A48BDE /* MarkerView.m in Sources */,
				F4FFEC8D19C5D3BD00A48BDE /* TabBarViewController.m in Sources */,
				F4005F9D19C9DE9E00DA7702 /* UserTableViewCell.m in Sources */,
				F4FFEC2F19C5CCB000A48BDE /* main.m in Sources */,
				F4FFEC9C19C6CD8700A48BDE /* UIView+Indicator.m in Sources */,
				F48EFE0219CE0F390033ACFE /* UserDetailViewController.m in Sources */,
				F458615019CC9B93000D6027 /* FollowListViewController.m in Sources */,
			);
			runOnlyForDeploymentPostprocessing = 0;
		};
		F4FFEC3619C5CCB000A48BDE /* Sources */ = {
			isa = PBXSourcesBuildPhase;
			buildActionMask = 2147483647;
			files = (
				F4FFEC4819C5CCB000A48BDE /* GamerSearchTests.m in Sources */,
			);
			runOnlyForDeploymentPostprocessing = 0;
		};
/* End PBXSourcesBuildPhase section */

/* Begin PBXTargetDependency section */
		F4FFEC4019C5CCB000A48BDE /* PBXTargetDependency */ = {
			isa = PBXTargetDependency;
			target = F4FFEC1E19C5CCB000A48BDE /* GamerSearch */;
			targetProxy = F4FFEC3F19C5CCB000A48BDE /* PBXContainerItemProxy */;
		};
/* End PBXTargetDependency section */

/* Begin PBXVariantGroup section */
		F4FFEC2B19C5CCB000A48BDE /* InfoPlist.strings */ = {
			isa = PBXVariantGroup;
			children = (
				F4FFEC2C19C5CCB000A48BDE /* en */,
			);
			name = InfoPlist.strings;
			sourceTree = "<group>";
		};
		F4FFEC4419C5CCB000A48BDE /* InfoPlist.strings */ = {
			isa = PBXVariantGroup;
			children = (
				F4FFEC4519C5CCB000A48BDE /* en */,
			);
			name = InfoPlist.strings;
			sourceTree = "<group>";
		};
/* End PBXVariantGroup section */

/* Begin XCBuildConfiguration section */
		F4FFEC4919C5CCB000A48BDE /* Debug */ = {
			isa = XCBuildConfiguration;
			buildSettings = {
				ALWAYS_SEARCH_USER_PATHS = NO;
				CLANG_CXX_LANGUAGE_STANDARD = "gnu++0x";
				CLANG_CXX_LIBRARY = "libc++";
				CLANG_ENABLE_MODULES = YES;
				CLANG_ENABLE_OBJC_ARC = YES;
				CLANG_WARN_BOOL_CONVERSION = YES;
				CLANG_WARN_CONSTANT_CONVERSION = YES;
				CLANG_WARN_DIRECT_OBJC_ISA_USAGE = YES_ERROR;
				CLANG_WARN_EMPTY_BODY = YES;
				CLANG_WARN_ENUM_CONVERSION = YES;
				CLANG_WARN_INT_CONVERSION = YES;
				CLANG_WARN_OBJC_ROOT_CLASS = YES_ERROR;
				CLANG_WARN__DUPLICATE_METHOD_MATCH = YES;
				"CODE_SIGN_IDENTITY[sdk=iphoneos*]" = "iPhone Developer";
				COPY_PHASE_STRIP = NO;
				GCC_C_LANGUAGE_STANDARD = gnu99;
				GCC_DYNAMIC_NO_PIC = NO;
				GCC_OPTIMIZATION_LEVEL = 0;
				GCC_PREPROCESSOR_DEFINITIONS = (
					"DEBUG=1",
					"$(inherited)",
				);
				GCC_SYMBOLS_PRIVATE_EXTERN = NO;
				GCC_WARN_64_TO_32_BIT_CONVERSION = YES;
				GCC_WARN_ABOUT_RETURN_TYPE = YES_ERROR;
				GCC_WARN_UNDECLARED_SELECTOR = YES;
				GCC_WARN_UNINITIALIZED_AUTOS = YES_AGGRESSIVE;
				GCC_WARN_UNUSED_FUNCTION = YES;
				GCC_WARN_UNUSED_VARIABLE = YES;
				IPHONEOS_DEPLOYMENT_TARGET = 7.1;
				ONLY_ACTIVE_ARCH = YES;
				SDKROOT = iphoneos;
			};
			name = Debug;
		};
		F4FFEC4A19C5CCB000A48BDE /* Release */ = {
			isa = XCBuildConfiguration;
			buildSettings = {
				ALWAYS_SEARCH_USER_PATHS = NO;
				CLANG_CXX_LANGUAGE_STANDARD = "gnu++0x";
				CLANG_CXX_LIBRARY = "libc++";
				CLANG_ENABLE_MODULES = YES;
				CLANG_ENABLE_OBJC_ARC = YES;
				CLANG_WARN_BOOL_CONVERSION = YES;
				CLANG_WARN_CONSTANT_CONVERSION = YES;
				CLANG_WARN_DIRECT_OBJC_ISA_USAGE = YES_ERROR;
				CLANG_WARN_EMPTY_BODY = YES;
				CLANG_WARN_ENUM_CONVERSION = YES;
				CLANG_WARN_INT_CONVERSION = YES;
				CLANG_WARN_OBJC_ROOT_CLASS = YES_ERROR;
				CLANG_WARN__DUPLICATE_METHOD_MATCH = YES;
				"CODE_SIGN_IDENTITY[sdk=iphoneos*]" = "iPhone Developer";
				COPY_PHASE_STRIP = YES;
				ENABLE_NS_ASSERTIONS = NO;
				GCC_C_LANGUAGE_STANDARD = gnu99;
				GCC_WARN_64_TO_32_BIT_CONVERSION = YES;
				GCC_WARN_ABOUT_RETURN_TYPE = YES_ERROR;
				GCC_WARN_UNDECLARED_SELECTOR = YES;
				GCC_WARN_UNINITIALIZED_AUTOS = YES_AGGRESSIVE;
				GCC_WARN_UNUSED_FUNCTION = YES;
				GCC_WARN_UNUSED_VARIABLE = YES;
				IPHONEOS_DEPLOYMENT_TARGET = 7.1;
				SDKROOT = iphoneos;
				VALIDATE_PRODUCT = YES;
			};
			name = Release;
		};
		F4FFEC4C19C5CCB000A48BDE /* Debug */ = {
			isa = XCBuildConfiguration;
			baseConfigurationReference = AA5DC569D94649E2B8618BA0 /* Pods.xcconfig */;
			buildSettings = {
				ASSETCATALOG_COMPILER_APPICON_NAME = AppIcon;
				ASSETCATALOG_COMPILER_LAUNCHIMAGE_NAME = LaunchImage;
				CODE_SIGN_IDENTITY = "iPhone Developer: Masaki EBATA (9D9S9M943G)";
				GCC_PRECOMPILE_PREFIX_HEADER = YES;
				GCC_PREFIX_HEADER = "GamerSearch/GamerSearch-Prefix.pch";
				INFOPLIST_FILE = "GamerSearch/GamerSearch-Info.plist";
				IPHONEOS_DEPLOYMENT_TARGET = 7.1;
				ONLY_ACTIVE_ARCH = YES;
				PRODUCT_NAME = "$(TARGET_NAME)";
				PROVISIONING_PROFILE = "AA21E556-13AA-4098-9F8B-15F84BA109A7";
				WRAPPER_EXTENSION = app;
			};
			name = Debug;
		};
		F4FFEC4D19C5CCB000A48BDE /* Release */ = {
			isa = XCBuildConfiguration;
			baseConfigurationReference = AA5DC569D94649E2B8618BA0 /* Pods.xcconfig */;
			buildSettings = {
				ASSETCATALOG_COMPILER_APPICON_NAME = AppIcon;
				ASSETCATALOG_COMPILER_LAUNCHIMAGE_NAME = LaunchImage;
				CODE_SIGN_IDENTITY = "iPhone Distribution: Masaki EBATA (94348D23TA)";
				GCC_PRECOMPILE_PREFIX_HEADER = YES;
				GCC_PREFIX_HEADER = "GamerSearch/GamerSearch-Prefix.pch";
				INFOPLIST_FILE = "GamerSearch/GamerSearch-Info.plist";
				IPHONEOS_DEPLOYMENT_TARGET = 7.1;
				ONLY_ACTIVE_ARCH = NO;
				PRODUCT_NAME = "$(TARGET_NAME)";
				PROVISIONING_PROFILE = "AA21E556-13AA-4098-9F8B-15F84BA109A7";
				WRAPPER_EXTENSION = app;
			};
			name = Release;
		};
		F4FFEC4F19C5CCB000A48BDE /* Debug */ = {
			isa = XCBuildConfiguration;
			buildSettings = {
				BUNDLE_LOADER = "$(BUILT_PRODUCTS_DIR)/GamerSearch.app/GamerSearch";
				FRAMEWORK_SEARCH_PATHS = (
					"$(SDKROOT)/Developer/Library/Frameworks",
					"$(inherited)",
					"$(DEVELOPER_FRAMEWORKS_DIR)",
				);
				GCC_PRECOMPILE_PREFIX_HEADER = YES;
				GCC_PREFIX_HEADER = "GamerSearch/GamerSearch-Prefix.pch";
				GCC_PREPROCESSOR_DEFINITIONS = (
					"DEBUG=1",
					"$(inherited)",
				);
				INFOPLIST_FILE = "GamerSearchTests/GamerSearchTests-Info.plist";
				PRODUCT_NAME = "$(TARGET_NAME)";
				TEST_HOST = "$(BUNDLE_LOADER)";
				WRAPPER_EXTENSION = xctest;
			};
			name = Debug;
		};
		F4FFEC5019C5CCB000A48BDE /* Release */ = {
			isa = XCBuildConfiguration;
			buildSettings = {
				BUNDLE_LOADER = "$(BUILT_PRODUCTS_DIR)/GamerSearch.app/GamerSearch";
				FRAMEWORK_SEARCH_PATHS = (
					"$(SDKROOT)/Developer/Library/Frameworks",
					"$(inherited)",
					"$(DEVELOPER_FRAMEWORKS_DIR)",
				);
				GCC_PRECOMPILE_PREFIX_HEADER = YES;
				GCC_PREFIX_HEADER = "GamerSearch/GamerSearch-Prefix.pch";
				INFOPLIST_FILE = "GamerSearchTests/GamerSearchTests-Info.plist";
				PRODUCT_NAME = "$(TARGET_NAME)";
				TEST_HOST = "$(BUNDLE_LOADER)";
				WRAPPER_EXTENSION = xctest;
			};
			name = Release;
		};
/* End XCBuildConfiguration section */

/* Begin XCConfigurationList section */
		F4FFEC1A19C5CCB000A48BDE /* Build configuration list for PBXProject "GamerSearch" */ = {
			isa = XCConfigurationList;
			buildConfigurations = (
				F4FFEC4919C5CCB000A48BDE /* Debug */,
				F4FFEC4A19C5CCB000A48BDE /* Release */,
			);
			defaultConfigurationIsVisible = 0;
			defaultConfigurationName = Release;
		};
		F4FFEC4B19C5CCB000A48BDE /* Build configuration list for PBXNativeTarget "GamerSearch" */ = {
			isa = XCConfigurationList;
			buildConfigurations = (
				F4FFEC4C19C5CCB000A48BDE /* Debug */,
				F4FFEC4D19C5CCB000A48BDE /* Release */,
			);
			defaultConfigurationIsVisible = 0;
			defaultConfigurationName = Release;
		};
		F4FFEC4E19C5CCB000A48BDE /* Build configuration list for PBXNativeTarget "GamerSearchTests" */ = {
			isa = XCConfigurationList;
			buildConfigurations = (
				F4FFEC4F19C5CCB000A48BDE /* Debug */,
				F4FFEC5019C5CCB000A48BDE /* Release */,
			);
			defaultConfigurationIsVisible = 0;
			defaultConfigurationName = Release;
		};
/* End XCConfigurationList section */
	};
	rootObject = F4FFEC1719C5CCB000A48BDE /* Project object */;
}
